{
  "nodes": {
    "nixpkgs": {
      "locked": {
        "lastModified": 1602739928,
        "narHash": "sha256-mpfoeHf9QaMPNurSYeSkxerDfs6Fj7HDElSMXDaTOPQ=",
        "owner": "NixOS",
        "repo": "nixpkgs",
        "rev": "2a4607f44222a92b8a44e6e1dac715e7eca04239",
        "type": "github"
      },
      "original": {
        "id": "nixpkgs",
        "type": "indirect"
      }
    },
    "root": {
      "inputs": {
        "nixpkgs": "nixpkgs",
        "utils": "utils"
      }
    },
    "utils": {
      "locked": {
        "lastModified": 1601282935,
        "narHash": "sha256-WQAFV6sGGQxrRs3a+/Yj9xUYvhTpukQJIcMbIi7LCJ4=",
        "owner": "numtide",
        "repo": "flake-utils",
        "rev": "588973065fce51f4763287f0fda87a174d78bf48",
        "type": "github"
      },
      "original": {
        "owner": "numtide",
        "repo": "flake-utils",
        "type": "github"
      }
    }
  },
  "root": "root",
  "version": 7
}
